
Microsoft Visual Studio Solution File, Format Version 12.00
# Visual Studio 15
VisualStudioVersion = 15.0.28307.1525
MinimumVisualStudioVersion = 10.0.40219.1
Project("{FAE04EC0-301F-11D3-BF4B-00C04F79EFBC}") = "qRGenerate", "qRGenerate\qRGenerate.csproj", "{211349D5-EFB3-4C33-81C3-768978B2690A}"
EndProject
Global
	GlobalSection(SolutionConfigurationPlatforms) = preSolution
		Debug|Any CPU = Debug|Any CPU
		Release|Any CPU = Release|Any CPU
	EndGlobalSection
	GlobalSection(ProjectConfigurationPlatforms) = postSolution
		{211349D5-EFB3-4C33-81C3-768978B2690A}.Debug|Any CPU.ActiveCfg = Debug|Any CPU
		{211349D5-EFB3-4C33-81C3-768978B2690A}.Debug|Any CPU.Build.0 = Debug|Any CPU
		{211349D5-EFB3-4C33-81C3-768978B2690A}.Release|Any CPU.ActiveCfg = Release|Any CPU
		{211349D5-EFB3-4C33-81C3-768978B2690A}.Release|Any CPU.Build.0 = Release|Any CPU
	EndGlobalSection
	GlobalSection(SolutionProperties) = preSolution
		HideSolutionNode = FALSE
	EndGlobalSection
	GlobalSection(ExtensibilityGlobals) = postSolution
		SolutionGuid = {9CBED72B-68D2-4E8C-BD28-02876A45AA76}
	EndGlobalSection
EndGlobal
